
Microsoft Visual Studio Solution File, Format Version 12.00
# Visual Studio Version 17
VisualStudioVersion = 17.9.34616.47
MinimumVisualStudioVersion = 10.0.40219.1
Project("{FAE04EC0-301F-11D3-BF4B-00C04F79EFBC}") = "CrudReactApp.Server", "CrudReactApp.Server\CrudReactApp.Server.csproj", "{429930C2-9367-488D-846F-E6082C95A44B}"
EndProject
Project("{54A90642-561A-4BB1-A94E-469ADEE60C69}") = "crudreactapp.client", "crudreactapp.client\crudreactapp.client.esproj", "{BCDEFC32-56CB-438A-A876-0B3E23FFFCF4}"
EndProject
Global
	GlobalSection(SolutionConfigurationPlatforms) = preSolution
		Debug|Any CPU = Debug|Any CPU
		Release|Any CPU = Release|Any CPU
	EndGlobalSection
	GlobalSection(ProjectConfigurationPlatforms) = postSolution
		{429930C2-9367-488D-846F-E6082C95A44B}.Debug|Any CPU.ActiveCfg = Debug|Any CPU
		{429930C2-9367-488D-846F-E6082C95A44B}.Debug|Any CPU.Build.0 = Debug|Any CPU
		{429930C2-9367-488D-846F-E6082C95A44B}.Release|Any CPU.ActiveCfg = Release|Any CPU
		{429930C2-9367-488D-846F-E6082C95A44B}.Release|Any CPU.Build.0 = Release|Any CPU
		{BCDEFC32-56CB-438A-A876-0B3E23FFFCF4}.Debug|Any CPU.ActiveCfg = Debug|Any CPU
		{BCDEFC32-56CB-438A-A876-0B3E23FFFCF4}.Debug|Any CPU.Build.0 = Debug|Any CPU
		{BCDEFC32-56CB-438A-A876-0B3E23FFFCF4}.Debug|Any CPU.Deploy.0 = Debug|Any CPU
		{BCDEFC32-56CB-438A-A876-0B3E23FFFCF4}.Release|Any CPU.ActiveCfg = Release|Any CPU
		{BCDEFC32-56CB-438A-A876-0B3E23FFFCF4}.Release|Any CPU.Build.0 = Release|Any CPU
		{BCDEFC32-56CB-438A-A876-0B3E23FFFCF4}.Release|Any CPU.Deploy.0 = Release|Any CPU
	EndGlobalSection
	GlobalSection(SolutionProperties) = preSolution
		HideSolutionNode = FALSE
	EndGlobalSection
	GlobalSection(ExtensibilityGlobals) = postSolution
		SolutionGuid = {D965EF9F-7983-4DE6-918A-DF485F49F436}
	EndGlobalSection
EndGlobal
